
Microsoft Visual Studio Solution File, Format Version 12.00
# Visual Studio Version 17
VisualStudioVersion = 17.0.31903.59
MinimumVisualStudioVersion = 10.0.40219.1
Project("{FAE04EC0-301F-11D3-BF4B-00C04F79EFBC}") = "MySharedLibrary", "MySharedLibrary\MySharedLibrary.csproj", "{6D815814-296C-4809-8EEB-953F7F396C49}"
EndProject
Project("{FAE04EC0-301F-11D3-BF4B-00C04F79EFBC}") = "QueryWindow", "QueryWindow\QueryWindow.csproj", "{4F28A31A-8F0F-4E81-B4BA-C8E399604D22}"
EndProject
Project("{FAE04EC0-301F-11D3-BF4B-00C04F79EFBC}") = "StudentAddIn", "StudentAddIn\StudentAddIn.csproj", "{1C2016BA-4A83-41BE-84A1-A78CD56786DE}"
EndProject
Global
	GlobalSection(SolutionConfigurationPlatforms) = preSolution
		Debug|Any CPU = Debug|Any CPU
		Release|Any CPU = Release|Any CPU
	EndGlobalSection
	GlobalSection(ProjectConfigurationPlatforms) = postSolution
		{6D815814-296C-4809-8EEB-953F7F396C49}.Debug|Any CPU.ActiveCfg = Debug|Any CPU
		{6D815814-296C-4809-8EEB-953F7F396C49}.Debug|Any CPU.Build.0 = Debug|Any CPU
		{6D815814-296C-4809-8EEB-953F7F396C49}.Release|Any CPU.ActiveCfg = Release|Any CPU
		{6D815814-296C-4809-8EEB-953F7F396C49}.Release|Any CPU.Build.0 = Release|Any CPU
		{4F28A31A-8F0F-4E81-B4BA-C8E399604D22}.Debug|Any CPU.ActiveCfg = Debug|Any CPU
		{4F28A31A-8F0F-4E81-B4BA-C8E399604D22}.Debug|Any CPU.Build.0 = Debug|Any CPU
		{4F28A31A-8F0F-4E81-B4BA-C8E399604D22}.Release|Any CPU.ActiveCfg = Release|Any CPU
		{4F28A31A-8F0F-4E81-B4BA-C8E399604D22}.Release|Any CPU.Build.0 = Release|Any CPU
		{1C2016BA-4A83-41BE-84A1-A78CD56786DE}.Debug|Any CPU.ActiveCfg = Debug|Any CPU
		{1C2016BA-4A83-41BE-84A1-A78CD56786DE}.Debug|Any CPU.Build.0 = Debug|Any CPU
		{1C2016BA-4A83-41BE-84A1-A78CD56786DE}.Release|Any CPU.ActiveCfg = Release|Any CPU
		{1C2016BA-4A83-41BE-84A1-A78CD56786DE}.Release|Any CPU.Build.0 = Release|Any CPU
	EndGlobalSection
	GlobalSection(SolutionProperties) = preSolution
		HideSolutionNode = FALSE
	EndGlobalSection
EndGlobal
